// !$*UTF8*$!
{
	archiveVersion = 1;
	classes = {
	};
	objectVersion = 46;
	objects = {

/* Begin PBXBuildFile section */
		F475848F1CD6E6F2004B9D9A /* AppDelegate.swift in Sources */ = {isa = PBXBuildFile; fileRef = F475848E1CD6E6F2004B9D9A /* AppDelegate.swift */; };
		F47584911CD6E6F2004B9D9A /* ViewController.swift in Sources */ = {isa = PBXBuildFile; fileRef = F47584901CD6E6F2004B9D9A /* ViewController.swift */; };
		F47584941CD6E6F2004B9D9A /* Main.storyboard in Resources */ = {isa = PBXBuildFile; fileRef = F47584921CD6E6F2004B9D9A /* Main.storyboard */; };
		F47584961CD6E6F2004B9D9A /* Assets.xcassets in Resources */ = {isa = PBXBuildFile; fileRef = F47584951CD6E6F2004B9D9A /* Assets.xcassets */; };
		F47584991CD6E6F2004B9D9A /* LaunchScreen.storyboard in Resources */ = {isa = PBXBuildFile; fileRef = F47584971CD6E6F2004B9D9A /* LaunchScreen.storyboard */; };
		F48469101CE1A0B900C9AE6F /* QuestionViewController.swift in Sources */ = {isa = PBXBuildFile; fileRef = F484690F1CE1A0B900C9AE6F /* QuestionViewController.swift */; };
		F48469121CE1A9DB00C9AE6F /* RevealViewController.swift in Sources */ = {isa = PBXBuildFile; fileRef = F48469111CE1A9DB00C9AE6F /* RevealViewController.swift */; };
		F48469141CE1B3DB00C9AE6F /* ResultsViewController.swift in Sources */ = {isa = PBXBuildFile; fileRef = F48469131CE1B3DB00C9AE6F /* ResultsViewController.swift */; };
		F4D0C1251CE524E9003C68A9 /* Reachability.swift in Sources */ = {isa = PBXBuildFile; fileRef = F4D0C1241CE524E9003C68A9 /* Reachability.swift */; };
/* End PBXBuildFile section */

/* Begin PBXFileReference section */
		F475848B1CD6E6F2004B9D9A /* iQuiz.app */ = {isa = PBXFileReference; explicitFileType = wrapper.application; includeInIndex = 0; path = iQuiz.app; sourceTree = BUILT_PRODUCTS_DIR; };
		F475848E1CD6E6F2004B9D9A /* AppDelegate.swift */ = {isa = PBXFileReference; lastKnownFileType = sourcecode.swift; path = AppDelegate.swift; sourceTree = "<group>"; };
		F47584901CD6E6F2004B9D9A /* ViewController.swift */ = {isa = PBXFileReference; lastKnownFileType = sourcecode.swift; path = ViewController.swift; sourceTree = "<group>"; };
		F47584931CD6E6F2004B9D9A /* Base */ = {isa = PBXFileReference; lastKnownFileType = file.storyboard; name = Base; path = Base.lproj/Main.storyboard; sourceTree = "<group>"; };
		F47584951CD6E6F2004B9D9A /* Assets.xcassets */ = {isa = PBXFileReference; lastKnownFileType = folder.assetcatalog; path = Assets.xcassets; sourceTree = "<group>"; };
		F47584981CD6E6F2004B9D9A /* Base */ = {isa = PBXFileReference; lastKnownFileType = file.storyboard; name = Base; path = Base.lproj/LaunchScreen.storyboard; sourceTree = "<group>"; };
		F475849A1CD6E6F2004B9D9A /* Info.plist */ = {isa = PBXFileReference; lastKnownFileType = text.plist.xml; path = Info.plist; sourceTree = "<group>"; };
		F484690F1CE1A0B900C9AE6F /* QuestionViewController.swift */ = {isa = PBXFileReference; fileEncoding = 4; lastKnownFileType = sourcecode.swift; path = QuestionViewController.swift; sourceTree = "<group>"; };
		F48469111CE1A9DB00C9AE6F /* RevealViewController.swift */ = {isa = PBXFileReference; fileEncoding = 4; lastKnownFileType = sourcecode.swift; path = RevealViewController.swift; sourceTree = "<group>"; };
		F48469131CE1B3DB00C9AE6F /* ResultsViewController.swift */ = {isa = PBXFileReference; fileEncoding = 4; lastKnownFileType = sourcecode.swift; path = ResultsViewController.swift; sourceTree = "<group>"; };
		F4D0C1241CE524E9003C68A9 /* Reachability.swift */ = {isa = PBXFileReference; fileEncoding = 4; lastKnownFileType = sourcecode.swift; path = Reachability.swift; sourceTree = "<group>"; };
/* End PBXFileReference section */

/* Begin PBXFrameworksBuildPhase section */
		F47584881CD6E6F2004B9D9A /* Frameworks */ = {
			isa = PBXFrameworksBuildPhase;
			buildActionMask = 2147483647;
			files = (
			);
			runOnlyForDeploymentPostprocessing = 0;
		};
/* End PBXFrameworksBuildPhase section */

/* Begin PBXGroup section */
		F47584821CD6E6F2004B9D9A = {
			isa = PBXGroup;
			children = (
				F475848D1CD6E6F2004B9D9A /* iQuiz */,
				F475848C1CD6E6F2004B9D9A /* Products */,
			);
			sourceTree = "<group>";
		};
		F475848C1CD6E6F2004B9D9A /* Products */ = {
			isa = PBXGroup;
			children = (
				F475848B1CD6E6F2004B9D9A /* iQuiz.app */,
			);
			name = Products;
			sourceTree = "<group>";
		};
		F475848D1CD6E6F2004B9D9A /* iQuiz */ = {
			isa = PBXGroup;
			children = (
				F475848E1CD6E6F2004B9D9A /* AppDelegate.swift */,
				F47584901CD6E6F2004B9D9A /* ViewController.swift */,
				F484690F1CE1A0B900C9AE6F /* QuestionViewController.swift */,
				F48469111CE1A9DB00C9AE6F /* RevealViewController.swift */,
				F48469131CE1B3DB00C9AE6F /* ResultsViewController.swift */,
				F47584921CD6E6F2004B9D9A /* Main.storyboard */,
				F47584951CD6E6F2004B9D9A /* Assets.xcassets */,
				F47584971CD6E6F2004B9D9A /* LaunchScreen.storyboard */,
				F475849A1CD6E6F2004B9D9A /* Info.plist */,
				F4D0C1241CE524E9003C68A9 /* Reachability.swift */,
			);
			path = iQuiz;
			sourceTree = "<group>";
		};
/* End PBXGroup section */

/* Begin PBXNativeTarget section */
		F475848A1CD6E6F2004B9D9A /* iQuiz */ = {
			isa = PBXNativeTarget;
			buildConfigurationList = F475849D1CD6E6F2004B9D9A /* Build configuration list for PBXNativeTarget "iQuiz" */;
			buildPhases = (
				F47584871CD6E6F2004B9D9A /* Sources */,
				F47584881CD6E6F2004B9D9A /* Frameworks */,
				F47584891CD6E6F2004B9D9A /* Resources */,
			);
			buildRules = (
			);
			dependencies = (
			);
			name = iQuiz;
			productName = iQuiz;
			productReference = F475848B1CD6E6F2004B9D9A /* iQuiz.app */;
			productType = "com.apple.product-type.application";
		};
/* End PBXNativeTarget section */

/* Begin PBXProject section */
		F47584831CD6E6F2004B9D9A /* Project object */ = {
			isa = PBXProject;
			attributes = {
				LastSwiftUpdateCheck = 0730;
				LastUpgradeCheck = 0730;
				ORGANIZATIONNAME = "Peter Freschi";
				TargetAttributes = {
					F475848A1CD6E6F2004B9D9A = {
						CreatedOnToolsVersion = 7.3;
						DevelopmentTeam = CMHG5573MR;
					};
				};
			};
			buildConfigurationList = F47584861CD6E6F2004B9D9A /* Build configuration list for PBXProject "iQuiz" */;
			compatibilityVersion = "Xcode 3.2";
			developmentRegion = English;
			hasScannedForEncodings = 0;
			knownRegions = (
				en,
				Base,
			);
			mainGroup = F47584821CD6E6F2004B9D9A;
			productRefGroup = F475848C1CD6E6F2004B9D9A /* Products */;
			projectDirPath = "";
			projectRoot = "";
			targets = (
				F475848A1CD6E6F2004B9D9A /* iQuiz */,
			);
		};
/* End PBXProject section */

/* Begin PBXResourcesBuildPhase section */
		F47584891CD6E6F2004B9D9A /* Resources */ = {
			isa = PBXResourcesBuildPhase;
			buildActionMask = 2147483647;
			files = (
				F47584991CD6E6F2004B9D9A /* LaunchScreen.storyboard in Resources */,
				F47584961CD6E6F2004B9D9A /* Assets.xcassets in Resources */,
				F47584941CD6E6F2004B9D9A /* Main.storyboard in Resources */,
			);
			runOnlyForDeploymentPostprocessing = 0;
		};
/* End PBXResourcesBuildPhase section */

/* Begin PBXSourcesBuildPhase section */
		F47584871CD6E6F2004B9D9A /* Sources */ = {
			isa = PBXSourcesBuildPhase;
			buildActionMask = 2147483647;
			files = (
				F47584911CD6E6F2004B9D9A /* ViewController.swift in Sources */,
				F475848F1CD6E6F2004B9D9A /* AppDelegate.swift in Sources */,
				F4D0C1251CE524E9003C68A9 /* Reachability.swift in Sources */,
				F48469101CE1A0B900C9AE6F /* QuestionViewController.swift in Sources */,
				F48469141CE1B3DB00C9AE6F /* ResultsViewController.swift in Sources */,
				F48469121CE1A9DB00C9AE6F /* RevealViewController.swift in Sources */,
			);
			runOnlyForDeploymentPostprocessing = 0;
		};
/* End PBXSourcesBuildPhase section */

/* Begin PBXVariantGroup section */
		F47584921CD6E6F2004B9D9A /* Main.storyboard */ = {
			isa = PBXVariantGroup;
			children = (
				F47584931CD6E6F2004B9D9A /* Base */,
			);
			name = Main.storyboard;
			sourceTree = "<group>";
		};
		F47584971CD6E6F2004B9D9A /* LaunchScreen.storyboard */ = {
			isa = PBXVariantGroup;
			children = (
				F47584981CD6E6F2004B9D9A /* Base */,
			);
			name = LaunchScreen.storyboard;
			sourceTree = "<group>";
		};
/* End PBXVariantGroup section */

/* Begin XCBuildConfiguration section */
		F475849B1CD6E6F2004B9D9A /* Debug */ = {
			isa = XCBuildConfiguration;
			buildSettings = {
				ALWAYS_SEARCH_USER_PATHS = NO;
				CLANG_ANALYZER_NONNULL = YES;
				CLANG_CXX_LANGUAGE_STANDARD = "gnu++0x";
				CLANG_CXX_LIBRARY = "libc++";
				CLANG_ENABLE_MODULES = YES;
				CLANG_ENABLE_OBJC_ARC = YES;
				CLANG_WARN_BOOL_CONVERSION = YES;
				CLANG_WARN_CONSTANT_CONVERSION = YES;
				CLANG_WARN_DIRECT_OBJC_ISA_USAGE = YES_ERROR;
				CLANG_WARN_EMPTY_BODY = YES;
				CLANG_WARN_ENUM_CONVERSION = YES;
				CLANG_WARN_INT_CONVERSION = YES;
				CLANG_WARN_OBJC_ROOT_CLASS = YES_ERROR;
				CLANG_WARN_UNREACHABLE_CODE = YES;
				CLANG_WARN__DUPLICATE_METHOD_MATCH = YES;
				"CODE_SIGN_IDENTITY[sdk=iphoneos*]" = "iPhone Developer";
				COPY_PHASE_STRIP = NO;
				DEBUG_INFORMATION_FORMAT = dwarf;
				ENABLE_STRICT_OBJC_MSGSEND = YES;
				ENABLE_TESTABILITY = YES;
				GCC_C_LANGUAGE_STANDARD = gnu99;
				GCC_DYNAMIC_NO_PIC = NO;
				GCC_NO_COMMON_BLOCKS = YES;
				GCC_OPTIMIZATION_LEVEL = 0;
				GCC_PREPROCESSOR_DEFINITIONS = (
					"DEBUG=1",
					"$(inherited)",
				);
				GCC_WARN_64_TO_32_BIT_CONVERSION = YES;
				GCC_WARN_ABOUT_RETURN_TYPE = YES_ERROR;
				GCC_WARN_UNDECLARED_SELECTOR = YES;
				GCC_WARN_UNINITIALIZED_AUTOS = YES_AGGRESSIVE;
				GCC_WARN_UNUSED_FUNCTION = YES;
				GCC_WARN_UNUSED_VARIABLE = YES;
				IPHONEOS_DEPLOYMENT_TARGET = 9.3;
				MTL_ENABLE_DEBUG_INFO = YES;
				ONLY_ACTIVE_ARCH = YES;
				SDKROOT = iphoneos;
				SWIFT_OPTIMIZATION_LEVEL = "-Onone";
				TARGETED_DEVICE_FAMILY = "1,2";
			};
			name = Debug;
		};
		F475849C1CD6E6F2004B9D9A /* Release */ = {
			isa = XCBuildConfiguration;
			buildSettings = {
				ALWAYS_SEARCH_USER_PATHS = NO;
				CLANG_ANALYZER_NONNULL = YES;
				CLANG_CXX_LANGUAGE_STANDARD = "gnu++0x";
				CLANG_CXX_LIBRARY = "libc++";
				CLANG_ENABLE_MODULES = YES;
				CLANG_ENABLE_OBJC_ARC = YES;
				CLANG_WARN_BOOL_CONVERSION = YES;
				CLANG_WARN_CONSTANT_CONVERSION = YES;
				CLANG_WARN_DIRECT_OBJC_ISA_USAGE = YES_ERROR;
				CLANG_WARN_EMPTY_BODY = YES;
				CLANG_WARN_ENUM_CONVERSION = YES;
				CLANG_WARN_INT_CONVERSION = YES;
				CLANG_WARN_OBJC_ROOT_CLASS = YES_ERROR;
				CLANG_WARN_UNREACHABLE_CODE = YES;
				CLANG_WARN__DUPLICATE_METHOD_MATCH = YES;
				"CODE_SIGN_IDENTITY[sdk=iphoneos*]" = "iPhone Developer";
				COPY_PHASE_STRIP = NO;
				DEBUG_INFORMATION_FORMAT = "dwarf-with-dsym";
				ENABLE_NS_ASSERTIONS = NO;
				ENABLE_STRICT_OBJC_MSGSEND = YES;
				GCC_C_LANGUAGE_STANDARD = gnu99;
				GCC_NO_COMMON_BLOCKS = YES;
				GCC_WARN_64_TO_32_BIT_CONVERSION = YES;
				GCC_WARN_ABOUT_RETURN_TYPE = YES_ERROR;
				GCC_WARN_UNDECLARED_SELECTOR = YES;
				GCC_WARN_UNINITIALIZED_AUTOS = YES_AGGRESSIVE;
				GCC_WARN_UNUSED_FUNCTION = YES;
				GCC_WARN_UNUSED_VARIABLE = YES;
				IPHONEOS_DEPLOYMENT_TARGET = 9.3;
				MTL_ENABLE_DEBUG_INFO = NO;
				SDKROOT = iphoneos;
				TARGETED_DEVICE_FAMILY = "1,2";
				VALIDATE_PRODUCT = YES;
			};
			name = Release;
		};
		F475849E1CD6E6F2004B9D9A /* Debug */ = {
			isa = XCBuildConfiguration;
			buildSettings = {
				ASSETCATALOG_COMPILER_APPICON_NAME = AppIcon;
				INFOPLIST_FILE = iQuiz/Info.plist;
				LD_RUNPATH_SEARCH_PATHS = "$(inherited) @executable_path/Frameworks";
				PRODUCT_BUNDLE_IDENTIFIER = peterfreschi.iQuiz;
				PRODUCT_NAME = "$(TARGET_NAME)";
			};
			name = Debug;
		};
		F475849F1CD6E6F2004B9D9A /* Release */ = {
			isa = XCBuildConfiguration;
			buildSettings = {
				ASSETCATALOG_COMPILER_APPICON_NAME = AppIcon;
				INFOPLIST_FILE = iQuiz/Info.plist;
				LD_RUNPATH_SEARCH_PATHS = "$(inherited) @executable_path/Frameworks";
				PRODUCT_BUNDLE_IDENTIFIER = peterfreschi.iQuiz;
				PRODUCT_NAME = "$(TARGET_NAME)";
			};
			name = Release;
		};
/* End XCBuildConfiguration section */

/* Begin XCConfigurationList section */
		F47584861CD6E6F2004B9D9A /* Build configuration list for PBXProject "iQuiz" */ = {
			isa = XCConfigurationList;
			buildConfigurations = (
				F475849B1CD6E6F2004B9D9A /* Debug */,
				F475849C1CD6E6F2004B9D9A /* Release */,
			);
			defaultConfigurationIsVisible = 0;
			defaultConfigurationName = Release;
		};
		F475849D1CD6E6F2004B9D9A /* Build configuration list for PBXNativeTarget "iQuiz" */ = {
			isa = XCConfigurationList;
			buildConfigurations = (
				F475849E1CD6E6F2004B9D9A /* Debug */,
				F475849F1CD6E6F2004B9D9A /* Release */,
			);
			defaultConfigurationIsVisible = 0;
			defaultConfigurationName = Release;
		};
/* End XCConfigurationList section */
	};
	rootObject = F47584831CD6E6F2004B9D9A /* Project object */;
}
